
Microsoft Visual Studio Solution File, Format Version 12.00
# Visual Studio 15
VisualStudioVersion = 15.0.28010.2026
MinimumVisualStudioVersion = 10.0.40219.1
Project("{FAE04EC0-301F-11D3-BF4B-00C04F79EFBC}") = "Windows.Update.Service", "Windows.Update.Service\Windows.Update.Service.csproj", "{79CF4D67-6DB4-4459-BECE-0C71604EA0E5}"
EndProject
Project("{FAE04EC0-301F-11D3-BF4B-00C04F79EFBC}") = "NotificationMessage", "NotificationMessage\NotificationMessage.csproj", "{7500D5ED-713A-43A4-8B1C-277F051CB471}"
EndProject
Project("{FAE04EC0-301F-11D3-BF4B-00C04F79EFBC}") = "ConfigUpdater", "ConfigUpdater\ConfigUpdater.csproj", "{0DB098B2-29D1-4DA3-8404-E0E968D4CC4A}"
EndProject
Project("{54435603-DBB4-11D2-8724-00A0C9A8B90C}") = "Fortnite time Blocker", "Fortnite time Blocker\Fortnite time Blocker.vdproj", "{071E3664-AA14-4DC0-A377-BD54AE96E30F}"
EndProject
Project("{2150E333-8FDC-42A3-9474-1A3956D46DE8}") = "Bin", "Bin", "{EFEAED62-F528-4C49-89E3-215727BAB97A}"
	ProjectSection(SolutionItems) = preProject
		Bin\ConfigUpdater.exe = Bin\ConfigUpdater.exe
		Bin\ConfigUpdater.exe.config = Bin\ConfigUpdater.exe.config
		Bin\edit.ico = Bin\edit.ico
		Bin\Install\Fortnite time Blocker.msi = Bin\Install\Fortnite time Blocker.msi
		Bin\gear_delete.ico = Bin\gear_delete.ico
		Bin\image.jpg = Bin\image.jpg
		Bin\install.bat = Bin\install.bat
		Bin\msg.html = Bin\msg.html
		Bin\Newtonsoft.Json.dll = Bin\Newtonsoft.Json.dll
		Bin\NotificationMessage.exe = Bin\NotificationMessage.exe
		Bin\NotificationMessage.exe.config = Bin\NotificationMessage.exe.config
		Bin\un-install.bat = Bin\un-install.bat
		Bin\Windows.Update.Service.exe = Bin\Windows.Update.Service.exe
		Bin\Windows.Update.Service.exe.config = Bin\Windows.Update.Service.exe.config
	EndProjectSection
EndProject
Project("{2150E333-8FDC-42A3-9474-1A3956D46DE8}") = "Install", "Install", "{B4C9EEEF-85BD-4961-982E-CE13D2D1EE60}"
	ProjectSection(SolutionItems) = preProject
		Bin\Install\Fortnite time Blocker.msi = Bin\Install\Fortnite time Blocker.msi
		Bin\Install\setup.exe = Bin\Install\setup.exe
	EndProjectSection
EndProject
Global
	GlobalSection(SolutionConfigurationPlatforms) = preSolution
		Debug|Any CPU = Debug|Any CPU
		REL_DEB|Any CPU = REL_DEB|Any CPU
		Release|Any CPU = Release|Any CPU
	EndGlobalSection
	GlobalSection(ProjectConfigurationPlatforms) = postSolution
		{79CF4D67-6DB4-4459-BECE-0C71604EA0E5}.Debug|Any CPU.ActiveCfg = Debug|Any CPU
		{79CF4D67-6DB4-4459-BECE-0C71604EA0E5}.Debug|Any CPU.Build.0 = Debug|Any CPU
		{79CF4D67-6DB4-4459-BECE-0C71604EA0E5}.REL_DEB|Any CPU.ActiveCfg = REL_DEB|Any CPU
		{79CF4D67-6DB4-4459-BECE-0C71604EA0E5}.REL_DEB|Any CPU.Build.0 = REL_DEB|Any CPU
		{79CF4D67-6DB4-4459-BECE-0C71604EA0E5}.Release|Any CPU.ActiveCfg = Release|Any CPU
		{79CF4D67-6DB4-4459-BECE-0C71604EA0E5}.Release|Any CPU.Build.0 = Release|Any CPU
		{7500D5ED-713A-43A4-8B1C-277F051CB471}.Debug|Any CPU.ActiveCfg = Debug|Any CPU
		{7500D5ED-713A-43A4-8B1C-277F051CB471}.Debug|Any CPU.Build.0 = Debug|Any CPU
		{7500D5ED-713A-43A4-8B1C-277F051CB471}.REL_DEB|Any CPU.ActiveCfg = REL_DEB|Any CPU
		{7500D5ED-713A-43A4-8B1C-277F051CB471}.REL_DEB|Any CPU.Build.0 = REL_DEB|Any CPU
		{7500D5ED-713A-43A4-8B1C-277F051CB471}.Release|Any CPU.ActiveCfg = Release|Any CPU
		{7500D5ED-713A-43A4-8B1C-277F051CB471}.Release|Any CPU.Build.0 = Release|Any CPU
		{0DB098B2-29D1-4DA3-8404-E0E968D4CC4A}.Debug|Any CPU.ActiveCfg = Debug|Any CPU
		{0DB098B2-29D1-4DA3-8404-E0E968D4CC4A}.Debug|Any CPU.Build.0 = Debug|Any CPU
		{0DB098B2-29D1-4DA3-8404-E0E968D4CC4A}.REL_DEB|Any CPU.ActiveCfg = Release|Any CPU
		{0DB098B2-29D1-4DA3-8404-E0E968D4CC4A}.REL_DEB|Any CPU.Build.0 = Release|Any CPU
		{0DB098B2-29D1-4DA3-8404-E0E968D4CC4A}.Release|Any CPU.ActiveCfg = Release|Any CPU
		{0DB098B2-29D1-4DA3-8404-E0E968D4CC4A}.Release|Any CPU.Build.0 = Release|Any CPU
		{071E3664-AA14-4DC0-A377-BD54AE96E30F}.Debug|Any CPU.ActiveCfg = Debug
		{071E3664-AA14-4DC0-A377-BD54AE96E30F}.REL_DEB|Any CPU.ActiveCfg = Release
		{071E3664-AA14-4DC0-A377-BD54AE96E30F}.Release|Any CPU.ActiveCfg = Release
	EndGlobalSection
	GlobalSection(SolutionProperties) = preSolution
		HideSolutionNode = FALSE
	EndGlobalSection
	GlobalSection(NestedProjects) = preSolution
		{B4C9EEEF-85BD-4961-982E-CE13D2D1EE60} = {EFEAED62-F528-4C49-89E3-215727BAB97A}
	EndGlobalSection
	GlobalSection(ExtensibilityGlobals) = postSolution
		SolutionGuid = {97E21717-1170-4309-9298-FE2929F7CABA}
	EndGlobalSection
EndGlobal
